
Microsoft Visual Studio Solution File, Format Version 12.00
# Visual Studio Version 17
VisualStudioVersion = 17.4.33110.190
MinimumVisualStudioVersion = 10.0.40219.1
Project("{FAE04EC0-301F-11D3-BF4B-00C04F79EFBC}") = "ZoneIDRemover", "ZoneIDRemover\ZoneIDRemover.csproj", "{EE65E833-C262-4B8A-8E5E-A3D013EDFA87}"
EndProject
Project("{FAE04EC0-301F-11D3-BF4B-00C04F79EFBC}") = "TEST_ファイル屋", "TEST_ファイル屋\TEST_ファイル屋.csproj", "{DE137B3A-F891-49A6-9161-79D694524A07}"
EndProject
Global
	GlobalSection(SolutionConfigurationPlatforms) = preSolution
		Debug|Any CPU = Debug|Any CPU
		Debug|Mixed Platforms = Debug|Mixed Platforms
		Debug|x86 = Debug|x86
		Release|Any CPU = Release|Any CPU
		Release|Mixed Platforms = Release|Mixed Platforms
		Release|x86 = Release|x86
	EndGlobalSection
	GlobalSection(ProjectConfigurationPlatforms) = postSolution
		{EE65E833-C262-4B8A-8E5E-A3D013EDFA87}.Debug|Any CPU.ActiveCfg = Debug|Any CPU
		{EE65E833-C262-4B8A-8E5E-A3D013EDFA87}.Debug|Mixed Platforms.ActiveCfg = Debug|Any CPU
		{EE65E833-C262-4B8A-8E5E-A3D013EDFA87}.Debug|Mixed Platforms.Build.0 = Debug|Any CPU
		{EE65E833-C262-4B8A-8E5E-A3D013EDFA87}.Debug|x86.ActiveCfg = Debug|Any CPU
		{EE65E833-C262-4B8A-8E5E-A3D013EDFA87}.Debug|x86.Build.0 = Debug|Any CPU
		{EE65E833-C262-4B8A-8E5E-A3D013EDFA87}.Release|Any CPU.ActiveCfg = Release|Any CPU
		{EE65E833-C262-4B8A-8E5E-A3D013EDFA87}.Release|Any CPU.Build.0 = Release|Any CPU
		{EE65E833-C262-4B8A-8E5E-A3D013EDFA87}.Release|Mixed Platforms.ActiveCfg = Release|Any CPU
		{EE65E833-C262-4B8A-8E5E-A3D013EDFA87}.Release|Mixed Platforms.Build.0 = Release|Any CPU
		{EE65E833-C262-4B8A-8E5E-A3D013EDFA87}.Release|x86.ActiveCfg = Release|Any CPU
		{EE65E833-C262-4B8A-8E5E-A3D013EDFA87}.Release|x86.Build.0 = Release|Any CPU
		{DE137B3A-F891-49A6-9161-79D694524A07}.Debug|Any CPU.ActiveCfg = Debug|Any CPU
		{DE137B3A-F891-49A6-9161-79D694524A07}.Debug|Any CPU.Build.0 = Debug|Any CPU
		{DE137B3A-F891-49A6-9161-79D694524A07}.Debug|Mixed Platforms.ActiveCfg = Debug|Any CPU
		{DE137B3A-F891-49A6-9161-79D694524A07}.Debug|Mixed Platforms.Build.0 = Debug|Any CPU
		{DE137B3A-F891-49A6-9161-79D694524A07}.Debug|x86.ActiveCfg = Debug|Any CPU
		{DE137B3A-F891-49A6-9161-79D694524A07}.Release|Any CPU.ActiveCfg = Release|Any CPU
		{DE137B3A-F891-49A6-9161-79D694524A07}.Release|Any CPU.Build.0 = Release|Any CPU
		{DE137B3A-F891-49A6-9161-79D694524A07}.Release|Mixed Platforms.ActiveCfg = Release|Any CPU
		{DE137B3A-F891-49A6-9161-79D694524A07}.Release|Mixed Platforms.Build.0 = Release|Any CPU
		{DE137B3A-F891-49A6-9161-79D694524A07}.Release|x86.ActiveCfg = Release|Any CPU
	EndGlobalSection
	GlobalSection(SolutionProperties) = preSolution
		HideSolutionNode = FALSE
	EndGlobalSection
	GlobalSection(ExtensibilityGlobals) = postSolution
		SolutionGuid = {B751A650-E9EE-4FDA-A429-242AA89E4730}
	EndGlobalSection
	GlobalSection(TestCaseManagementSettings) = postSolution
		CategoryFile = ZoneIDRemover.vsmdi
	EndGlobalSection
EndGlobal
